
Microsoft Visual Studio Solution File, Format Version 12.00
# Visual Studio Version 17
VisualStudioVersion = 17.5.33424.131
MinimumVisualStudioVersion = 10.0.40219.1
Project("{FAE04EC0-301F-11D3-BF4B-00C04F79EFBC}") = "AngularProjectServer", "AngularProjectServer\AngularProjectServer.csproj", "{AE0F16DF-21F2-45D8-926B-7A7678B74744}"
EndProject
Global
	GlobalSection(SolutionConfigurationPlatforms) = preSolution
		Debug|Any CPU = Debug|Any CPU
		Release|Any CPU = Release|Any CPU
	EndGlobalSection
	GlobalSection(ProjectConfigurationPlatforms) = postSolution
		{AE0F16DF-21F2-45D8-926B-7A7678B74744}.Debug|Any CPU.ActiveCfg = Debug|Any CPU
		{AE0F16DF-21F2-45D8-926B-7A7678B74744}.Debug|Any CPU.Build.0 = Debug|Any CPU
		{AE0F16DF-21F2-45D8-926B-7A7678B74744}.Release|Any CPU.ActiveCfg = Release|Any CPU
		{AE0F16DF-21F2-45D8-926B-7A7678B74744}.Release|Any CPU.Build.0 = Release|Any CPU
	EndGlobalSection
	GlobalSection(SolutionProperties) = preSolution
		HideSolutionNode = FALSE
	EndGlobalSection
	GlobalSection(ExtensibilityGlobals) = postSolution
		SolutionGuid = {C9E7CC0C-9C4B-45C4-9302-5512A83A32C4}
	EndGlobalSection
EndGlobal
